
Microsoft Visual Studio Solution File, Format Version 12.00
# Visual Studio Version 17
VisualStudioVersion = 17.12.35728.132
MinimumVisualStudioVersion = 10.0.40219.1
Project("{FAE04EC0-301F-11D3-BF4B-00C04F79EFBC}") = "OmPlatform", "OmPlatform.csproj", "{63C03D81-C36B-4A8F-BC42-8CDBE04D072B}"
EndProject
Project("{FAE04EC0-301F-11D3-BF4B-00C04F79EFBC}") = "OmPlatformTest", "..\OmPlatformTest\OmPlatformTest.csproj", "{62A5CB2C-18EC-47BF-A55F-5728B2D7BE09}"
EndProject
Global
	GlobalSection(SolutionConfigurationPlatforms) = preSolution
		Debug|Any CPU = Debug|Any CPU
		Release|Any CPU = Release|Any CPU
	EndGlobalSection
	GlobalSection(ProjectConfigurationPlatforms) = postSolution
		{63C03D81-C36B-4A8F-BC42-8CDBE04D072B}.Debug|Any CPU.ActiveCfg = Debug|Any CPU
		{63C03D81-C36B-4A8F-BC42-8CDBE04D072B}.Debug|Any CPU.Build.0 = Debug|Any CPU
		{63C03D81-C36B-4A8F-BC42-8CDBE04D072B}.Release|Any CPU.ActiveCfg = Release|Any CPU
		{63C03D81-C36B-4A8F-BC42-8CDBE04D072B}.Release|Any CPU.Build.0 = Release|Any CPU
		{62A5CB2C-18EC-47BF-A55F-5728B2D7BE09}.Debug|Any CPU.ActiveCfg = Debug|Any CPU
		{62A5CB2C-18EC-47BF-A55F-5728B2D7BE09}.Debug|Any CPU.Build.0 = Debug|Any CPU
		{62A5CB2C-18EC-47BF-A55F-5728B2D7BE09}.Release|Any CPU.ActiveCfg = Release|Any CPU
		{62A5CB2C-18EC-47BF-A55F-5728B2D7BE09}.Release|Any CPU.Build.0 = Release|Any CPU
	EndGlobalSection
	GlobalSection(SolutionProperties) = preSolution
		HideSolutionNode = FALSE
	EndGlobalSection
	GlobalSection(ExtensibilityGlobals) = postSolution
		SolutionGuid = {F50CBFF2-93AA-4AFC-9C32-B28FD283A05D}
	EndGlobalSection
EndGlobal
